version = 1
revision = 2
requires-python = ">=3.11"

[[package]]
name = "astropy"
version = "7.0.1"
source = { registry = "https://pypi.org/simple" }
dependencies = [
    { name = "astropy-iers-data" },
    { name = "numpy" },
    { name = "packaging" },
    { name = "pyerfa" },
    { name = "pyyaml" },
]
sdist = { url = "https://files.pythonhosted.org/packages/45/12/a1c582b3f9df5e2680eae0ed82c8057ae06d6130a1f7a5c0770fa899737e/astropy-7.0.1.tar.gz", hash = "sha256:392feeb443b2437cd4c2e0641a65e0f15ba791e148e9b1e5ed7de7dfcb38e460", size = 7139539, upload-time = "2025-02-06T21:46:51.937Z" }
wheels = [
    { url = "https://files.pythonhosted.org/packages/d0/79/ab4edcdb5928ed636b24d6e721460880d0bb6a7a2bca228d06abb5d2a5e4/astropy-7.0.1-cp311-cp311-macosx_10_9_x86_64.whl", hash = "sha256:b16c5e3cd30ecedc79401a931eaeae3b9f2fc17f19ea26693c6c424cda74bd0e", size = 6574981, upload-time = "2025-02-06T21:45:55.439Z" },
    { url = "https://files.pythonhosted.org/packages/57/34/87a0feca0214f21092c75381b046b9eb71cf56ea406f6148aa34cf30c3bb/astropy-7.0.1-cp311-cp311-macosx_11_0_arm64.whl", hash = "sha256:11c680207674a53afd603addf5640809bb670f72e9f9a6f023b862040ba7e100", size = 6499230, upload-time = "2025-02-06T21:45:58.906Z" },
    { url = "https://files.pythonhosted.org/packages/4e/08/e112c26a69ce00238d3d03b5d200d86816b9db5b582169957a9102416aae/astropy-7.0.1-cp311-cp311-manylinux_2_17_aarch64.manylinux2014_aarch64.whl", hash = "sha256:1e930aa618a1df80ecc38ecc594ca1e7508909c79c4b1145e9e91e8695fd163c", size = 10251470, upload-time = "2025-02-06T21:46:01.955Z" },
    { url = "https://files.pythonhosted.org/packages/75/9d/1e150830a5491b684e2bb8c8e7224702ac57c101b4e208ed8f84eeedbf5a/astropy-7.0.1-cp311-cp311-manylinux_2_17_x86_64.manylinux2014_x86_64.whl", hash = "sha256:5b4831c5b8a8e6c62afc095d9f65e6c023f058821c1fcc829adc2d941090cd2a", size = 10310513, upload-time = "2025-02-06T21:46:05.095Z" },
    { url = "https://files.pythonhosted.org/packages/5c/f0/2c4cd9fbbdb222aaafe902fe39e62851ab8fe25b394f328d68df0d0f2301/astropy-7.0.1-cp311-cp311-musllinux_1_2_x86_64.whl", hash = "sha256:2245f23020db2382f187a880dd903f1d4747cbdce6af8f299bc6d4f256b382bf", size = 10345694, upload-time = "2025-02-06T21:46:09.458Z" },
    { url = "https://files.pythonhosted.org/packages/5a/0c/f0c7624e0db2b81ff7e2bb8fbf3c0403c9f4e9ed29a99132af51d26b54b6/astropy-7.0.1-cp311-cp311-win32.whl", hash = "sha256:91bec2ac62f759300279fd98f3baf2fe33082729045d80c231948d6df0cceacc", size = 6364686, upload-time = "2025-02-06T21:46:12.273Z" },
    { url = "https://files.pythonhosted.org/packages/65/61/b85c917adbd0a69ebe0e512285abea1ae81e1a713ae55452b4f20afdb1e7/astropy-7.0.1-cp311-cp311-win_amd64.whl", hash = "sha256:0ae8960fe690f62672afff723d5e7d25ccd054c941c3ded96471d4d62563864e", size = 6489635, upload-time = "2025-02-06T21:46:14.941Z" },
    { url = "https://files.pythonhosted.org/packages/74/e2/3dc27026a098171cf3f88d964dfdf39c70c75fd205624f2f9be8381268f7/astropy-7.0.1-cp312-cp312-macosx_10_13_x86_64.whl", hash = "sha256:b075f4b8034a3e40d417c079232f1adb613a40e3b8d7cebdb05278666bfeb3ca", size = 6581263, upload-time = "2025-02-06T21:46:16.744Z" },
    { url = "https://files.pythonhosted.org/packages/2d/45/0ae6513fc819a9223c5a779b2955ceb27ab5ad57c44e16abcc9fbaee838c/astropy-7.0.1-cp312-cp312-macosx_11_0_arm64.whl", hash = "sha256:71bb61871859635653e0530ca152c379882473ff4aabf2484a848ead94efe248", size = 6504874, upload-time = "2025-02-06T21:46:18.68Z" },
    { url = "https://files.pythonhosted.org/packages/ae/f8/2d151d9476eb8797923164aee9764873c28be3654c7c60eae5d33f916d30/astropy-7.0.1-cp312-cp312-manylinux_2_17_aarch64.manylinux2014_aarch64.whl", hash = "sha256:1692857a3f21cecadefe89e4371e9c5a2d03e80173f4bb01dcbe3e3213ad1303", size = 10279377, upload-time = "2025-02-06T21:46:22.434Z" },
    { url = "https://files.pythonhosted.org/packages/ed/70/930a24bd3f2046ba2c4b8a914d0349ffb17760d044f2a4e8c3195b984851/astropy-7.0.1-cp312-cp312-manylinux_2_17_x86_64.manylinux2014_x86_64.whl", hash = "sha256:062f9dc6549884699c551310a21434ff650c9a1cb6c0eea9476ead456f8a8500", size = 10358814, upload-time = "2025-02-06T21:46:25.037Z" },
    { url = "https://files.pythonhosted.org/packages/22/07/28bc41436ada5e614a583371780d03f6377aa845450d0b04d544dee5c49c/astropy-7.0.1-cp312-cp312-musllinux_1_2_x86_64.whl", hash = "sha256:9cd02ef44007e0d6f27f0136410253a64b1ae56a2333c7071fd775c6feea8e12", size = 10377323, upload-time = "2025-02-06T21:46:27.755Z" },
    { url = "https://files.pythonhosted.org/packages/4e/56/175acf7145af6c77cfeca339837293b2dee06936280bf841b6df8da30c92/astropy-7.0.1-cp312-cp312-win32.whl", hash = "sha256:ba9c09cb1ba9c126b40cbbbe9273b4e6f2b0403d268f64a15ed976f77754372b", size = 6364259, upload-time = "2025-02-06T21:46:30.203Z" },
    { url = "https://files.pythonhosted.org/packages/69/a8/ae5bb7849274b04248817fc8c885c0966c02c7d20a9a7f9e7388fa9f091f/astropy-7.0.1-cp312-cp312-win_amd64.whl", hash = "sha256:02259457097a3bad3e50975d67bd7586753b2a69d680f071be5c8da439e0f2c4", size = 6489380, upload-time = "2025-02-06T21:46:32.804Z" },
    { url = "https://files.pythonhosted.org/packages/e2/f0/b4a484970e6227ea94cacea93d7dbd38bbef9c368e60ef3a6e00fe21d7b8/astropy-7.0.1-cp313-cp313-macosx_10_13_x86_64.whl", hash = "sha256:012e4331535dae6f43ddf86295b05e711e1ff6dec7af9d77a887ef08e6cef60d", size = 6574160, upload-time = "2025-02-06T21:46:35.503Z" },
    { url = "https://files.pythonhosted.org/packages/10/87/cb34793d62e33f97f61f2cec9e4651e8f14786e1810a78fae6e7209b6232/astropy-7.0.1-cp313-cp313-macosx_11_0_arm64.whl", hash = "sha256:0785533096b5682148ab79b077ab0e17f254be17c9fa12cb7789b8109044fe95", size = 6497653, upload-time = "2025-02-06T21:46:37.501Z" },
    { url = "https://files.pythonhosted.org/packages/b0/0c/4e8552bcfc4d12f9e2953f39336c554527261361277968aeada918208285/astropy-7.0.1-cp313-cp313-manylinux_2_17_aarch64.manylinux2014_aarch64.whl", hash = "sha256:5949792533238a601597574ac85599f0fab2db2480e0121c58121d808626698f", size = 10208169, upload-time = "2025-02-06T21:46:39.953Z" },
    { url = "https://files.pythonhosted.org/packages/9b/a3/33546e62bb936d8dcceb24e7ef7540005c1dfbbe341715b217d2867e7cc2/astropy-7.0.1-cp313-cp313-manylinux_2_17_x86_64.manylinux2014_x86_64.whl", hash = "sha256:a367d334b789934b975565be470eb1043b3419508bd8e15a882775925e30d2ce", size = 10295439, upload-time = "2025-02-06T21:46:42.537Z" },
    { url = "https://files.pythonhosted.org/packages/1b/a8/17246827967f6b4b6f5fa69ae1bb4a6e26370e3eb0d64185da2c3fa3911a/astropy-7.0.1-cp313-cp313-musllinux_1_2_x86_64.whl", hash = "sha256:43c6dac6454e1056649268e79c3f595ecf079ad762936c6ce5c738ee1cff53de", size = 10319045, upload-time = "2025-02-06T21:46:44.935Z" },
    { url = "https://files.pythonhosted.org/packages/48/6c/31730227b985744c7a58f7ebad1768f9501b4f1f4923ccd58e6f13fa6308/astropy-7.0.1-cp313-cp313-win32.whl", hash = "sha256:b458e4ac2466cb8bfeb0a9ed1fa7e96a9955d03902c1e5ce4ec8881bdfefaf4a", size = 6362116, upload-time = "2025-02-06T21:46:47.77Z" },
    { url = "https://files.pythonhosted.org/packages/53/ef/eeeb9eb42cf5a83abf704043fafe04417849997321a20fcd465f32ed4b19/astropy-7.0.1-cp313-cp313-win_amd64.whl", hash = "sha256:8ffb20105eeec84f6bd8bbde4a86686a8f78424c3c46b6021fbf816e40dd8960", size = 6486463, upload-time = "2025-02-06T21:46:49.834Z" },
]

[[package]]
name = "astropy-iers-data"
version = "0.2025.4.28.0.37.27"
source = { registry = "https://pypi.org/simple" }
sdist = { url = "https://files.pythonhosted.org/packages/0b/c5/eb948789694f122e20b68317b6ae1f99811b1b1811326c73ca0ed10b0288/astropy_iers_data-0.2025.4.28.0.37.27.tar.gz", hash = "sha256:840efbe7085a20ab1fe3a93bf5eeba28fcb4a0fc4196cbcc1b06d51a182accb0", size = 1900012, upload-time = "2025-04-28T00:38:06.484Z" }
wheels = [
    { url = "https://files.pythonhosted.org/packages/ff/4f/0333818fb27ca8a545c8442df0bb99b88625aed44c9934d287834924cbb5/astropy_iers_data-0.2025.4.28.0.37.27-py3-none-any.whl", hash = "sha256:9d26ed33e912b3863717637259f2b3a5967ca3092fc2a92bebd76eb64a4f73d2", size = 1953116, upload-time = "2025-04-28T00:38:04.511Z" },
]

[[package]]
name = "ephemerides"
version = "0.0.1"
source = { virtual = "." }
dependencies = [
    { name = "astropy" },
    { name = "more-itertools" },
    { name = "pyserial" },
    { name = "pyubx2" },
    { name = "pyyaml" },
]

[package.metadata]
requires-dist = [
    { name = "astropy", specifier = ">=7.0.1" },
    { name = "more-itertools", specifier = ">=10.7.0" },
    { name = "pyserial", specifier = ">=3.5" },
    { name = "pyubx2", specifier = ">=1.2.51" },
    { name = "pyyaml", specifier = ">=6.0.2" },
]

[[package]]
name = "more-itertools"
version = "10.7.0"
source = { registry = "https://pypi.org/simple" }
sdist = { url = "https://files.pythonhosted.org/packages/ce/a0/834b0cebabbfc7e311f30b46c8188790a37f89fc8d756660346fe5abfd09/more_itertools-10.7.0.tar.gz", hash = "sha256:9fddd5403be01a94b204faadcff459ec3568cf110265d3c54323e1e866ad29d3", size = 127671, upload-time = "2025-04-22T14:17:41.838Z" }
wheels = [
    { url = "https://files.pythonhosted.org/packages/2b/9f/7ba6f94fc1e9ac3d2b853fdff3035fb2fa5afbed898c4a72b8a020610594/more_itertools-10.7.0-py3-none-any.whl", hash = "sha256:d43980384673cb07d2f7d2d918c616b30c659c089ee23953f601d6609c67510e", size = 65278, upload-time = "2025-04-22T14:17:40.49Z" },
]

[[package]]
name = "numpy"
version = "2.2.5"
source = { registry = "https://pypi.org/simple" }
sdist = { url = "https://files.pythonhosted.org/packages/dc/b2/ce4b867d8cd9c0ee84938ae1e6a6f7926ebf928c9090d036fc3c6a04f946/numpy-2.2.5.tar.gz", hash = "sha256:a9c0d994680cd991b1cb772e8b297340085466a6fe964bc9d4e80f5e2f43c291", size = 20273920, upload-time = "2025-04-19T23:27:42.561Z" }
wheels = [
    { url = "https://files.pythonhosted.org/packages/f5/fb/e4e4c254ba40e8f0c78218f9e86304628c75b6900509b601c8433bdb5da7/numpy-2.2.5-cp311-cp311-macosx_10_9_x86_64.whl", hash = "sha256:c42365005c7a6c42436a54d28c43fe0e01ca11eb2ac3cefe796c25a5f98e5e9b", size = 21256475, upload-time = "2025-04-19T22:34:24.174Z" },
    { url = "https://files.pythonhosted.org/packages/81/32/dd1f7084f5c10b2caad778258fdaeedd7fbd8afcd2510672811e6138dfac/numpy-2.2.5-cp311-cp311-macosx_11_0_arm64.whl", hash = "sha256:498815b96f67dc347e03b719ef49c772589fb74b8ee9ea2c37feae915ad6ebda", size = 14461474, upload-time = "2025-04-19T22:34:46.578Z" },
    { url = "https://files.pythonhosted.org/packages/0e/65/937cdf238ef6ac54ff749c0f66d9ee2b03646034c205cea9b6c51f2f3ad1/numpy-2.2.5-cp311-cp311-macosx_14_0_arm64.whl", hash = "sha256:6411f744f7f20081b1b4e7112e0f4c9c5b08f94b9f086e6f0adf3645f85d3a4d", size = 5426875, upload-time = "2025-04-19T22:34:56.281Z" },
    { url = "https://files.pythonhosted.org/packages/25/17/814515fdd545b07306eaee552b65c765035ea302d17de1b9cb50852d2452/numpy-2.2.5-cp311-cp311-macosx_14_0_x86_64.whl", hash = "sha256:9de6832228f617c9ef45d948ec1cd8949c482238d68b2477e6f642c33a7b0a54", size = 6969176, upload-time = "2025-04-19T22:35:07.518Z" },
    { url = "https://files.pythonhosted.org/packages/e5/32/a66db7a5c8b5301ec329ab36d0ecca23f5e18907f43dbd593c8ec326d57c/numpy-2.2.5-cp311-cp311-manylinux_2_17_aarch64.manylinux2014_aarch64.whl", hash = "sha256:369e0d4647c17c9363244f3468f2227d557a74b6781cb62ce57cf3ef5cc7c610", size = 14374850, upload-time = "2025-04-19T22:35:31.347Z" },
    { url = "https://files.pythonhosted.org/packages/ad/c9/1bf6ada582eebcbe8978f5feb26584cd2b39f94ededeea034ca8f84af8c8/numpy-2.2.5-cp311-cp311-manylinux_2_17_x86_64.manylinux2014_x86_64.whl", hash = "sha256:262d23f383170f99cd9191a7c85b9a50970fe9069b2f8ab5d786eca8a675d60b", size = 16430306, upload-time = "2025-04-19T22:35:57.573Z" },
    { url = "https://files.pythonhosted.org/packages/6a/f0/3f741863f29e128f4fcfdb99253cc971406b402b4584663710ee07f5f7eb/numpy-2.2.5-cp311-cp311-musllinux_1_2_aarch64.whl", hash = "sha256:aa70fdbdc3b169d69e8c59e65c07a1c9351ceb438e627f0fdcd471015cd956be", size = 15884767, upload-time = "2025-04-19T22:36:22.245Z" },
    { url = "https://files.pythonhosted.org/packages/98/d9/4ccd8fd6410f7bf2d312cbc98892e0e43c2fcdd1deae293aeb0a93b18071/numpy-2.2.5-cp311-cp311-musllinux_1_2_x86_64.whl", hash = "sha256:37e32e985f03c06206582a7323ef926b4e78bdaa6915095ef08070471865b906", size = 18219515, upload-time = "2025-04-19T22:36:49.822Z" },
    { url = "https://files.pythonhosted.org/packages/b1/56/783237243d4395c6dd741cf16eeb1a9035ee3d4310900e6b17e875d1b201/numpy-2.2.5-cp311-cp311-win32.whl", hash = "sha256:f5045039100ed58fa817a6227a356240ea1b9a1bc141018864c306c1a16d4175", size = 6607842, upload-time = "2025-04-19T22:37:01.624Z" },
    { url = "https://files.pythonhosted.org/packages/98/89/0c93baaf0094bdaaaa0536fe61a27b1dce8a505fa262a865ec142208cfe9/numpy-2.2.5-cp311-cp311-win_amd64.whl", hash = "sha256:b13f04968b46ad705f7c8a80122a42ae8f620536ea38cf4bdd374302926424dd", size = 12949071, upload-time = "2025-04-19T22:37:21.098Z" },
    { url = "https://files.pythonhosted.org/packages/e2/f7/1fd4ff108cd9d7ef929b8882692e23665dc9c23feecafbb9c6b80f4ec583/numpy-2.2.5-cp312-cp312-macosx_10_13_x86_64.whl", hash = "sha256:ee461a4eaab4f165b68780a6a1af95fb23a29932be7569b9fab666c407969051", size = 20948633, upload-time = "2025-04-19T22:37:52.4Z" },
    { url = "https://files.pythonhosted.org/packages/12/03/d443c278348371b20d830af155ff2079acad6a9e60279fac2b41dbbb73d8/numpy-2.2.5-cp312-cp312-macosx_11_0_arm64.whl", hash = "sha256:ec31367fd6a255dc8de4772bd1658c3e926d8e860a0b6e922b615e532d320ddc", size = 14176123, upload-time = "2025-04-19T22:38:15.058Z" },
    { url = "https://files.pythonhosted.org/packages/2b/0b/5ca264641d0e7b14393313304da48b225d15d471250376f3fbdb1a2be603/numpy-2.2.5-cp312-cp312-macosx_14_0_arm64.whl", hash = "sha256:47834cde750d3c9f4e52c6ca28a7361859fcaf52695c7dc3cc1a720b8922683e", size = 5163817, upload-time = "2025-04-19T22:38:24.885Z" },
    { url = "https://files.pythonhosted.org/packages/04/b3/d522672b9e3d28e26e1613de7675b441bbd1eaca75db95680635dd158c67/numpy-2.2.5-cp312-cp312-macosx_14_0_x86_64.whl", hash = "sha256:2c1a1c6ccce4022383583a6ded7bbcda22fc635eb4eb1e0a053336425ed36dfa", size = 6698066, upload-time = "2025-04-19T22:38:35.782Z" },
    { url = "https://files.pythonhosted.org/packages/a0/93/0f7a75c1ff02d4b76df35079676b3b2719fcdfb39abdf44c8b33f43ef37d/numpy-2.2.5-cp312-cp312-manylinux_2_17_aarch64.manylinux2014_aarch64.whl", hash = "sha256:9d75f338f5f79ee23548b03d801d28a505198297534f62416391857ea0479571", size = 14087277, upload-time = "2025-04-19T22:38:57.697Z" },
    { url = "https://files.pythonhosted.org/packages/b0/d9/7c338b923c53d431bc837b5b787052fef9ae68a56fe91e325aac0d48226e/numpy-2.2.5-cp312-cp312-manylinux_2_17_x86_64.manylinux2014_x86_64.whl", hash = "sha256:3a801fef99668f309b88640e28d261991bfad9617c27beda4a3aec4f217ea073", size = 16135742, upload-time = "2025-04-19T22:39:22.689Z" },
    { url = "https://files.pythonhosted.org/packages/2d/10/4dec9184a5d74ba9867c6f7d1e9f2e0fb5fe96ff2bf50bb6f342d64f2003/numpy-2.2.5-cp312-cp312-musllinux_1_2_aarch64.whl", hash = "sha256:abe38cd8381245a7f49967a6010e77dbf3680bd3627c0fe4362dd693b404c7f8", size = 15581825, upload-time = "2025-04-19T22:39:45.794Z" },
    { url = "https://files.pythonhosted.org/packages/80/1f/2b6fcd636e848053f5b57712a7d1880b1565eec35a637fdfd0a30d5e738d/numpy-2.2.5-cp312-cp312-musllinux_1_2_x86_64.whl", hash = "sha256:5a0ac90e46fdb5649ab6369d1ab6104bfe5854ab19b645bf5cda0127a13034ae", size = 17899600, upload-time = "2025-04-19T22:40:13.427Z" },
    { url = "https://files.pythonhosted.org/packages/ec/87/36801f4dc2623d76a0a3835975524a84bd2b18fe0f8835d45c8eae2f9ff2/numpy-2.2.5-cp312-cp312-win32.whl", hash = "sha256:0cd48122a6b7eab8f06404805b1bd5856200e3ed6f8a1b9a194f9d9054631beb", size = 6312626, upload-time = "2025-04-19T22:40:25.223Z" },
    { url = "https://files.pythonhosted.org/packages/8b/09/4ffb4d6cfe7ca6707336187951992bd8a8b9142cf345d87ab858d2d7636a/numpy-2.2.5-cp312-cp312-win_amd64.whl", hash = "sha256:ced69262a8278547e63409b2653b372bf4baff0870c57efa76c5703fd6543282", size = 12645715, upload-time = "2025-04-19T22:40:44.528Z" },
    { url = "https://files.pythonhosted.org/packages/e2/a0/0aa7f0f4509a2e07bd7a509042967c2fab635690d4f48c6c7b3afd4f448c/numpy-2.2.5-cp313-cp313-macosx_10_13_x86_64.whl", hash = "sha256:059b51b658f4414fff78c6d7b1b4e18283ab5fa56d270ff212d5ba0c561846f4", size = 20935102, upload-time = "2025-04-19T22:41:16.234Z" },
    { url = "https://files.pythonhosted.org/packages/7e/e4/a6a9f4537542912ec513185396fce52cdd45bdcf3e9d921ab02a93ca5aa9/numpy-2.2.5-cp313-cp313-macosx_11_0_arm64.whl", hash = "sha256:47f9ed103af0bc63182609044b0490747e03bd20a67e391192dde119bf43d52f", size = 14191709, upload-time = "2025-04-19T22:41:38.472Z" },
    { url = "https://files.pythonhosted.org/packages/be/65/72f3186b6050bbfe9c43cb81f9df59ae63603491d36179cf7a7c8d216758/numpy-2.2.5-cp313-cp313-macosx_14_0_arm64.whl", hash = "sha256:261a1ef047751bb02f29dfe337230b5882b54521ca121fc7f62668133cb119c9", size = 5149173, upload-time = "2025-04-19T22:41:47.823Z" },
    { url = "https://files.pythonhosted.org/packages/e5/e9/83e7a9432378dde5802651307ae5e9ea07bb72b416728202218cd4da2801/numpy-2.2.5-cp313-cp313-macosx_14_0_x86_64.whl", hash = "sha256:4520caa3807c1ceb005d125a75e715567806fed67e315cea619d5ec6e75a4191", size = 6684502, upload-time = "2025-04-19T22:41:58.689Z" },
    { url = "https://files.pythonhosted.org/packages/ea/27/b80da6c762394c8ee516b74c1f686fcd16c8f23b14de57ba0cad7349d1d2/numpy-2.2.5-cp313-cp313-manylinux_2_17_aarch64.manylinux2014_aarch64.whl", hash = "sha256:3d14b17b9be5f9c9301f43d2e2a4886a33b53f4e6fdf9ca2f4cc60aeeee76372", size = 14084417, upload-time = "2025-04-19T22:42:19.897Z" },
    { url = "https://files.pythonhosted.org/packages/aa/fc/ebfd32c3e124e6a1043e19c0ab0769818aa69050ce5589b63d05ff185526/numpy-2.2.5-cp313-cp313-manylinux_2_17_x86_64.manylinux2014_x86_64.whl", hash = "sha256:2ba321813a00e508d5421104464510cc962a6f791aa2fca1c97b1e65027da80d", size = 16133807, upload-time = "2025-04-19T22:42:44.433Z" },
    { url = "https://files.pythonhosted.org/packages/bf/9b/4cc171a0acbe4666f7775cfd21d4eb6bb1d36d3a0431f48a73e9212d2278/numpy-2.2.5-cp313-cp313-musllinux_1_2_aarch64.whl", hash = "sha256:a4cbdef3ddf777423060c6f81b5694bad2dc9675f110c4b2a60dc0181543fac7", size = 15575611, upload-time = "2025-04-19T22:43:09.928Z" },
    { url = "https://files.pythonhosted.org/packages/a3/45/40f4135341850df48f8edcf949cf47b523c404b712774f8855a64c96ef29/numpy-2.2.5-cp313-cp313-musllinux_1_2_x86_64.whl", hash = "sha256:54088a5a147ab71a8e7fdfd8c3601972751ded0739c6b696ad9cb0343e21ab73", size = 17895747, upload-time = "2025-04-19T22:43:36.983Z" },
    { url = "https://files.pythonhosted.org/packages/f8/4c/b32a17a46f0ffbde8cc82df6d3daeaf4f552e346df143e1b188a701a8f09/numpy-2.2.5-cp313-cp313-win32.whl", hash = "sha256:c8b82a55ef86a2d8e81b63da85e55f5537d2157165be1cb2ce7cfa57b6aef38b", size = 6309594, upload-time = "2025-04-19T22:47:10.523Z" },
    { url = "https://files.pythonhosted.org/packages/13/ae/72e6276feb9ef06787365b05915bfdb057d01fceb4a43cb80978e518d79b/numpy-2.2.5-cp313-cp313-win_amd64.whl", hash = "sha256:d8882a829fd779f0f43998e931c466802a77ca1ee0fe25a3abe50278616b1471", size = 12638356, upload-time = "2025-04-19T22:47:30.253Z" },
    { url = "https://files.pythonhosted.org/packages/79/56/be8b85a9f2adb688e7ded6324e20149a03541d2b3297c3ffc1a73f46dedb/numpy-2.2.5-cp313-cp313t-macosx_10_13_x86_64.whl", hash = "sha256:e8b025c351b9f0e8b5436cf28a07fa4ac0204d67b38f01433ac7f9b870fa38c6", size = 20963778, upload-time = "2025-04-19T22:44:09.251Z" },
    { url = "https://files.pythonhosted.org/packages/ff/77/19c5e62d55bff507a18c3cdff82e94fe174957bad25860a991cac719d3ab/numpy-2.2.5-cp313-cp313t-macosx_11_0_arm64.whl", hash = "sha256:8dfa94b6a4374e7851bbb6f35e6ded2120b752b063e6acdd3157e4d2bb922eba", size = 14207279, upload-time = "2025-04-19T22:44:31.383Z" },
    { url = "https://files.pythonhosted.org/packages/75/22/aa11f22dc11ff4ffe4e849d9b63bbe8d4ac6d5fae85ddaa67dfe43be3e76/numpy-2.2.5-cp313-cp313t-macosx_14_0_arm64.whl", hash = "sha256:97c8425d4e26437e65e1d189d22dff4a079b747ff9c2788057bfb8114ce1e133", size = 5199247, upload-time = "2025-04-19T22:44:40.361Z" },
    { url = "https://files.pythonhosted.org/packages/4f/6c/12d5e760fc62c08eded0394f62039f5a9857f758312bf01632a81d841459/numpy-2.2.5-cp313-cp313t-macosx_14_0_x86_64.whl", hash = "sha256:352d330048c055ea6db701130abc48a21bec690a8d38f8284e00fab256dc1376", size = 6711087, upload-time = "2025-04-19T22:44:51.188Z" },
    { url = "https://files.pythonhosted.org/packages/ef/94/ece8280cf4218b2bee5cec9567629e61e51b4be501e5c6840ceb593db945/numpy-2.2.5-cp313-cp313t-manylinux_2_17_aarch64.manylinux2014_aarch64.whl", hash = "sha256:8b4c0773b6ada798f51f0f8e30c054d32304ccc6e9c5d93d46cb26f3d385ab19", size = 14059964, upload-time = "2025-04-19T22:45:12.451Z" },
    { url = "https://files.pythonhosted.org/packages/39/41/c5377dac0514aaeec69115830a39d905b1882819c8e65d97fc60e177e19e/numpy-2.2.5-cp313-cp313t-manylinux_2_17_x86_64.manylinux2014_x86_64.whl", hash = "sha256:55f09e00d4dccd76b179c0f18a44f041e5332fd0e022886ba1c0bbf3ea4a18d0", size = 16121214, upload-time = "2025-04-19T22:45:37.734Z" },
    { url = "https://files.pythonhosted.org/packages/db/54/3b9f89a943257bc8e187145c6bc0eb8e3d615655f7b14e9b490b053e8149/numpy-2.2.5-cp313-cp313t-musllinux_1_2_aarch64.whl", hash = "sha256:02f226baeefa68f7d579e213d0f3493496397d8f1cff5e2b222af274c86a552a", size = 15575788, upload-time = "2025-04-19T22:46:01.908Z" },
    { url = "https://files.pythonhosted.org/packages/b1/c4/2e407e85df35b29f79945751b8f8e671057a13a376497d7fb2151ba0d290/numpy-2.2.5-cp313-cp313t-musllinux_1_2_x86_64.whl", hash = "sha256:c26843fd58f65da9491165072da2cccc372530681de481ef670dcc8e27cfb066", size = 17893672, upload-time = "2025-04-19T22:46:28.585Z" },
    { url = "https://files.pythonhosted.org/packages/29/7e/d0b44e129d038dba453f00d0e29ebd6eaf2f06055d72b95b9947998aca14/numpy-2.2.5-cp313-cp313t-win32.whl", hash = "sha256:1a161c2c79ab30fe4501d5a2bbfe8b162490757cf90b7f05be8b80bc02f7bb8e", size = 6377102, upload-time = "2025-04-19T22:46:39.949Z" },
    { url = "https://files.pythonhosted.org/packages/63/be/b85e4aa4bf42c6502851b971f1c326d583fcc68227385f92089cf50a7b45/numpy-2.2.5-cp313-cp313t-win_amd64.whl", hash = "sha256:d403c84991b5ad291d3809bace5e85f4bbf44a04bdc9a88ed2bb1807b3360bb8", size = 12750096, upload-time = "2025-04-19T22:47:00.147Z" },
]

[[package]]
name = "packaging"
version = "25.0"
source = { registry = "https://pypi.org/simple" }
sdist = { url = "https://files.pythonhosted.org/packages/a1/d4/1fc4078c65507b51b96ca8f8c3ba19e6a61c8253c72794544580a7b6c24d/packaging-25.0.tar.gz", hash = "sha256:d443872c98d677bf60f6a1f2f8c1cb748e8fe762d2bf9d3148b5599295b0fc4f", size = 165727, upload-time = "2025-04-19T11:48:59.673Z" }
wheels = [
    { url = "https://files.pythonhosted.org/packages/20/12/38679034af332785aac8774540895e234f4d07f7545804097de4b666afd8/packaging-25.0-py3-none-any.whl", hash = "sha256:29572ef2b1f17581046b3a2227d5c611fb25ec70ca1ba8554b24b0e69331a484", size = 66469, upload-time = "2025-04-19T11:48:57.875Z" },
]

[[package]]
name = "pyerfa"
version = "2.0.1.5"
source = { registry = "https://pypi.org/simple" }
dependencies = [
    { name = "numpy" },
]
sdist = { url = "https://files.pythonhosted.org/packages/71/39/63cc8291b0cf324ae710df41527faf7d331bce573899199d926b3e492260/pyerfa-2.0.1.5.tar.gz", hash = "sha256:17d6b24fe4846c65d5e7d8c362dcb08199dc63b30a236aedd73875cc83e1f6c0", size = 818430, upload-time = "2024-11-11T15:22:30.852Z" }
wheels = [
    { url = "https://files.pythonhosted.org/packages/7d/d9/3448a57cb5bd19950de6d6ab08bd8fbb3df60baa71726de91d73d76c481b/pyerfa-2.0.1.5-cp39-abi3-macosx_10_9_x86_64.whl", hash = "sha256:b282d7c60c4c47cf629c484c17ac504fcb04abd7b3f4dfcf53ee042afc3a5944", size = 341818, upload-time = "2024-11-11T15:22:16.467Z" },
    { url = "https://files.pythonhosted.org/packages/11/4a/31a363370478b63c6289a34743f2ba2d3ae1bd8223e004d18ab28fb92385/pyerfa-2.0.1.5-cp39-abi3-macosx_11_0_arm64.whl", hash = "sha256:be1aeb70390dd03a34faf96749d5cabc58437410b4aab7213c512323932427df", size = 329370, upload-time = "2024-11-11T15:22:17.829Z" },
    { url = "https://files.pythonhosted.org/packages/cb/96/b6210fc624123c8ae13e1eecb68fb75e3f3adff216d95eee1c7b05843e3e/pyerfa-2.0.1.5-cp39-abi3-manylinux_2_17_aarch64.manylinux2014_aarch64.whl", hash = "sha256:b0603e8e1b839327d586c8a627cdc634b795e18b007d84f0cda5500a0908254e", size = 692794, upload-time = "2024-11-11T15:22:19.429Z" },
    { url = "https://files.pythonhosted.org/packages/e5/e0/050018d855d26d3c0b4a7d1b2ed692be758ce276d8289e2a2b44ba1014a5/pyerfa-2.0.1.5-cp39-abi3-manylinux_2_17_x86_64.manylinux2014_x86_64.whl", hash = "sha256:0e43c7194e3242083f2350b46c09fd4bf8ba1bcc0ebd1460b98fc47fe2389906", size = 738711, upload-time = "2024-11-11T15:22:20.661Z" },
    { url = "https://files.pythonhosted.org/packages/b9/f5/ff91ee77308793ae32fa1e1de95e9edd4551456dd888b4e87c5938657ca5/pyerfa-2.0.1.5-cp39-abi3-musllinux_1_2_x86_64.whl", hash = "sha256:07b80cd70701f5d066b1ac8cce406682cfcd667a1186ec7d7ade597239a6021d", size = 722966, upload-time = "2024-11-11T15:22:21.905Z" },
    { url = "https://files.pythonhosted.org/packages/2c/56/b22b35c8551d2228ff8d445e63787112927ca13f6dc9e2c04f69d742c95b/pyerfa-2.0.1.5-cp39-abi3-win32.whl", hash = "sha256:d30b9b0df588ed5467e529d851ea324a67239096dd44703125072fd11b351ea2", size = 339955, upload-time = "2024-11-11T15:22:23.087Z" },
    { url = "https://files.pythonhosted.org/packages/b4/11/97233cf23ad5411ac6f13b1d6ee3888f90ace4f974d9bf9db887aa428912/pyerfa-2.0.1.5-cp39-abi3-win_amd64.whl", hash = "sha256:66292d437dcf75925b694977aa06eb697126e7b86553e620371ed3e48b5e0ad0", size = 349410, upload-time = "2024-11-11T15:22:24.817Z" },
]

[[package]]
name = "pynmeagps"
version = "1.0.49"
source = { registry = "https://pypi.org/simple" }
sdist = { url = "https://files.pythonhosted.org/packages/9e/15/2eb54c2702d4bf4c7aac1aec34163ad590a94118b2b0e3e1866749d5bf03/pynmeagps-1.0.49.tar.gz", hash = "sha256:05e8c8de776b57dbdac7e0a959393dd9e240a9833d63d923e14fe61bcc108d6d", size = 74234, upload-time = "2025-04-02T19:45:41.212Z" }
wheels = [
    { url = "https://files.pythonhosted.org/packages/0f/37/5507027257a56a45223fe2dddcf027cacc357868377f75581d7b4359491a/pynmeagps-1.0.49-py3-none-any.whl", hash = "sha256:a62e3641576cf7a46802756e33ee957f97dfa4d90a926f5e8610b485bfd54d45", size = 51720, upload-time = "2025-04-02T19:45:39.934Z" },
]

[[package]]
name = "pyrtcm"
version = "1.1.6"
source = { registry = "https://pypi.org/simple" }
sdist = { url = "https://files.pythonhosted.org/packages/6d/a6/bfb276afaaca29cb2355ec6f48fdd723a69d1bf66a1f5f4d9320929dfe59/pyrtcm-1.1.6.tar.gz", hash = "sha256:b0674078dbe32f4811f7f95949e66dc7f237533f344c11876c5834df614e2da3", size = 102275, upload-time = "2025-04-14T07:51:13.472Z" }
wheels = [
    { url = "https://files.pythonhosted.org/packages/2a/b9/d40e61750894fa7d93998f8044734465cd96f86108dc5916cdb5b6ff06b7/pyrtcm-1.1.6-py3-none-any.whl", hash = "sha256:1c8eab092f1076a0ce090b6a578fa58c1503a7369e4045aa3c43c0f18da0982f", size = 45164, upload-time = "2025-04-14T07:51:11.743Z" },
]

[[package]]
name = "pyserial"
version = "3.5"
source = { registry = "https://pypi.org/simple" }
sdist = { url = "https://files.pythonhosted.org/packages/1e/7d/ae3f0a63f41e4d2f6cb66a5b57197850f919f59e558159a4dd3a818f5082/pyserial-3.5.tar.gz", hash = "sha256:3c77e014170dfffbd816e6ffc205e9842efb10be9f58ec16d3e8675b4925cddb", size = 159125, upload-time = "2020-11-23T03:59:15.045Z" }
wheels = [
    { url = "https://files.pythonhosted.org/packages/07/bc/587a445451b253b285629263eb51c2d8e9bcea4fc97826266d186f96f558/pyserial-3.5-py2.py3-none-any.whl", hash = "sha256:c4451db6ba391ca6ca299fb3ec7bae67a5c55dde170964c7a14ceefec02f2cf0", size = 90585, upload-time = "2020-11-23T03:59:13.41Z" },
]

[[package]]
name = "pyubx2"
version = "1.2.51"
source = { registry = "https://pypi.org/simple" }
dependencies = [
    { name = "pynmeagps" },
    { name = "pyrtcm" },
]
sdist = { url = "https://files.pythonhosted.org/packages/b8/ed/5c665c1e2016e4459c33ed25b5180bfd13d015c4a547cf2a61ddfd4caee5/pyubx2-1.2.51.tar.gz", hash = "sha256:829def55d33eac0ad93c261025c4147f3bb91d61b929ad673edf96060e3e126f", size = 157730, upload-time = "2025-04-02T20:22:12.047Z" }
wheels = [
    { url = "https://files.pythonhosted.org/packages/76/2b/40c5843cd5d0724b77316c4ab1917819d499afc619039169d87efd3dc5cc/pyubx2-1.2.51-py3-none-any.whl", hash = "sha256:092886b701f3e39e089d7bef96899ff2b34d94813aeaf093c68a4b2ff7269f64", size = 76682, upload-time = "2025-04-02T20:22:10.72Z" },
]

[[package]]
name = "pyyaml"
version = "6.0.2"
source = { registry = "https://pypi.org/simple" }
sdist = { url = "https://files.pythonhosted.org/packages/54/ed/79a089b6be93607fa5cdaedf301d7dfb23af5f25c398d5ead2525b063e17/pyyaml-6.0.2.tar.gz", hash = "sha256:d584d9ec91ad65861cc08d42e834324ef890a082e591037abe114850ff7bbc3e", size = 130631, upload-time = "2024-08-06T20:33:50.674Z" }
wheels = [
    { url = "https://files.pythonhosted.org/packages/f8/aa/7af4e81f7acba21a4c6be026da38fd2b872ca46226673c89a758ebdc4fd2/PyYAML-6.0.2-cp311-cp311-macosx_10_9_x86_64.whl", hash = "sha256:cc1c1159b3d456576af7a3e4d1ba7e6924cb39de8f67111c735f6fc832082774", size = 184612, upload-time = "2024-08-06T20:32:03.408Z" },
    { url = "https://files.pythonhosted.org/packages/8b/62/b9faa998fd185f65c1371643678e4d58254add437edb764a08c5a98fb986/PyYAML-6.0.2-cp311-cp311-macosx_11_0_arm64.whl", hash = "sha256:1e2120ef853f59c7419231f3bf4e7021f1b936f6ebd222406c3b60212205d2ee", size = 172040, upload-time = "2024-08-06T20:32:04.926Z" },
    { url = "https://files.pythonhosted.org/packages/ad/0c/c804f5f922a9a6563bab712d8dcc70251e8af811fce4524d57c2c0fd49a4/PyYAML-6.0.2-cp311-cp311-manylinux_2_17_aarch64.manylinux2014_aarch64.whl", hash = "sha256:5d225db5a45f21e78dd9358e58a98702a0302f2659a3c6cd320564b75b86f47c", size = 736829, upload-time = "2024-08-06T20:32:06.459Z" },
    { url = "https://files.pythonhosted.org/packages/51/16/6af8d6a6b210c8e54f1406a6b9481febf9c64a3109c541567e35a49aa2e7/PyYAML-6.0.2-cp311-cp311-manylinux_2_17_s390x.manylinux2014_s390x.whl", hash = "sha256:5ac9328ec4831237bec75defaf839f7d4564be1e6b25ac710bd1a96321cc8317", size = 764167, upload-time = "2024-08-06T20:32:08.338Z" },
    { url = "https://files.pythonhosted.org/packages/75/e4/2c27590dfc9992f73aabbeb9241ae20220bd9452df27483b6e56d3975cc5/PyYAML-6.0.2-cp311-cp311-manylinux_2_17_x86_64.manylinux2014_x86_64.whl", hash = "sha256:3ad2a3decf9aaba3d29c8f537ac4b243e36bef957511b4766cb0057d32b0be85", size = 762952, upload-time = "2024-08-06T20:32:14.124Z" },
    { url = "https://files.pythonhosted.org/packages/9b/97/ecc1abf4a823f5ac61941a9c00fe501b02ac3ab0e373c3857f7d4b83e2b6/PyYAML-6.0.2-cp311-cp311-musllinux_1_1_aarch64.whl", hash = "sha256:ff3824dc5261f50c9b0dfb3be22b4567a6f938ccce4587b38952d85fd9e9afe4", size = 735301, upload-time = "2024-08-06T20:32:16.17Z" },
    { url = "https://files.pythonhosted.org/packages/45/73/0f49dacd6e82c9430e46f4a027baa4ca205e8b0a9dce1397f44edc23559d/PyYAML-6.0.2-cp311-cp311-musllinux_1_1_x86_64.whl", hash = "sha256:797b4f722ffa07cc8d62053e4cff1486fa6dc094105d13fea7b1de7d8bf71c9e", size = 756638, upload-time = "2024-08-06T20:32:18.555Z" },
    { url = "https://files.pythonhosted.org/packages/22/5f/956f0f9fc65223a58fbc14459bf34b4cc48dec52e00535c79b8db361aabd/PyYAML-6.0.2-cp311-cp311-win32.whl", hash = "sha256:11d8f3dd2b9c1207dcaf2ee0bbbfd5991f571186ec9cc78427ba5bd32afae4b5", size = 143850, upload-time = "2024-08-06T20:32:19.889Z" },
    { url = "https://files.pythonhosted.org/packages/ed/23/8da0bbe2ab9dcdd11f4f4557ccaf95c10b9811b13ecced089d43ce59c3c8/PyYAML-6.0.2-cp311-cp311-win_amd64.whl", hash = "sha256:e10ce637b18caea04431ce14fabcf5c64a1c61ec9c56b071a4b7ca131ca52d44", size = 161980, upload-time = "2024-08-06T20:32:21.273Z" },
    { url = "https://files.pythonhosted.org/packages/86/0c/c581167fc46d6d6d7ddcfb8c843a4de25bdd27e4466938109ca68492292c/PyYAML-6.0.2-cp312-cp312-macosx_10_9_x86_64.whl", hash = "sha256:c70c95198c015b85feafc136515252a261a84561b7b1d51e3384e0655ddf25ab", size = 183873, upload-time = "2024-08-06T20:32:25.131Z" },
    { url = "https://files.pythonhosted.org/packages/a8/0c/38374f5bb272c051e2a69281d71cba6fdb983413e6758b84482905e29a5d/PyYAML-6.0.2-cp312-cp312-macosx_11_0_arm64.whl", hash = "sha256:ce826d6ef20b1bc864f0a68340c8b3287705cae2f8b4b1d932177dcc76721725", size = 173302, upload-time = "2024-08-06T20:32:26.511Z" },
    { url = "https://files.pythonhosted.org/packages/c3/93/9916574aa8c00aa06bbac729972eb1071d002b8e158bd0e83a3b9a20a1f7/PyYAML-6.0.2-cp312-cp312-manylinux_2_17_aarch64.manylinux2014_aarch64.whl", hash = "sha256:1f71ea527786de97d1a0cc0eacd1defc0985dcf6b3f17bb77dcfc8c34bec4dc5", size = 739154, upload-time = "2024-08-06T20:32:28.363Z" },
    { url = "https://files.pythonhosted.org/packages/95/0f/b8938f1cbd09739c6da569d172531567dbcc9789e0029aa070856f123984/PyYAML-6.0.2-cp312-cp312-manylinux_2_17_s390x.manylinux2014_s390x.whl", hash = "sha256:9b22676e8097e9e22e36d6b7bda33190d0d400f345f23d4065d48f4ca7ae0425", size = 766223, upload-time = "2024-08-06T20:32:30.058Z" },
    { url = "https://files.pythonhosted.org/packages/b9/2b/614b4752f2e127db5cc206abc23a8c19678e92b23c3db30fc86ab731d3bd/PyYAML-6.0.2-cp312-cp312-manylinux_2_17_x86_64.manylinux2014_x86_64.whl", hash = "sha256:80bab7bfc629882493af4aa31a4cfa43a4c57c83813253626916b8c7ada83476", size = 767542, upload-time = "2024-08-06T20:32:31.881Z" },
    { url = "https://files.pythonhosted.org/packages/d4/00/dd137d5bcc7efea1836d6264f049359861cf548469d18da90cd8216cf05f/PyYAML-6.0.2-cp312-cp312-musllinux_1_1_aarch64.whl", hash = "sha256:0833f8694549e586547b576dcfaba4a6b55b9e96098b36cdc7ebefe667dfed48", size = 731164, upload-time = "2024-08-06T20:32:37.083Z" },
    { url = "https://files.pythonhosted.org/packages/c9/1f/4f998c900485e5c0ef43838363ba4a9723ac0ad73a9dc42068b12aaba4e4/PyYAML-6.0.2-cp312-cp312-musllinux_1_1_x86_64.whl", hash = "sha256:8b9c7197f7cb2738065c481a0461e50ad02f18c78cd75775628afb4d7137fb3b", size = 756611, upload-time = "2024-08-06T20:32:38.898Z" },
    { url = "https://files.pythonhosted.org/packages/df/d1/f5a275fdb252768b7a11ec63585bc38d0e87c9e05668a139fea92b80634c/PyYAML-6.0.2-cp312-cp312-win32.whl", hash = "sha256:ef6107725bd54b262d6dedcc2af448a266975032bc85ef0172c5f059da6325b4", size = 140591, upload-time = "2024-08-06T20:32:40.241Z" },
    { url = "https://files.pythonhosted.org/packages/0c/e8/4f648c598b17c3d06e8753d7d13d57542b30d56e6c2dedf9c331ae56312e/PyYAML-6.0.2-cp312-cp312-win_amd64.whl", hash = "sha256:7e7401d0de89a9a855c839bc697c079a4af81cf878373abd7dc625847d25cbd8", size = 156338, upload-time = "2024-08-06T20:32:41.93Z" },
    { url = "https://files.pythonhosted.org/packages/ef/e3/3af305b830494fa85d95f6d95ef7fa73f2ee1cc8ef5b495c7c3269fb835f/PyYAML-6.0.2-cp313-cp313-macosx_10_13_x86_64.whl", hash = "sha256:efdca5630322a10774e8e98e1af481aad470dd62c3170801852d752aa7a783ba", size = 181309, upload-time = "2024-08-06T20:32:43.4Z" },
    { url = "https://files.pythonhosted.org/packages/45/9f/3b1c20a0b7a3200524eb0076cc027a970d320bd3a6592873c85c92a08731/PyYAML-6.0.2-cp313-cp313-macosx_11_0_arm64.whl", hash = "sha256:50187695423ffe49e2deacb8cd10510bc361faac997de9efef88badc3bb9e2d1", size = 171679, upload-time = "2024-08-06T20:32:44.801Z" },
    { url = "https://files.pythonhosted.org/packages/7c/9a/337322f27005c33bcb656c655fa78325b730324c78620e8328ae28b64d0c/PyYAML-6.0.2-cp313-cp313-manylinux_2_17_aarch64.manylinux2014_aarch64.whl", hash = "sha256:0ffe8360bab4910ef1b9e87fb812d8bc0a308b0d0eef8c8f44e0254ab3b07133", size = 733428, upload-time = "2024-08-06T20:32:46.432Z" },
    { url = "https://files.pythonhosted.org/packages/a3/69/864fbe19e6c18ea3cc196cbe5d392175b4cf3d5d0ac1403ec3f2d237ebb5/PyYAML-6.0.2-cp313-cp313-manylinux_2_17_s390x.manylinux2014_s390x.whl", hash = "sha256:17e311b6c678207928d649faa7cb0d7b4c26a0ba73d41e99c4fff6b6c3276484", size = 763361, upload-time = "2024-08-06T20:32:51.188Z" },
    { url = "https://files.pythonhosted.org/packages/04/24/b7721e4845c2f162d26f50521b825fb061bc0a5afcf9a386840f23ea19fa/PyYAML-6.0.2-cp313-cp313-manylinux_2_17_x86_64.manylinux2014_x86_64.whl", hash = "sha256:70b189594dbe54f75ab3a1acec5f1e3faa7e8cf2f1e08d9b561cb41b845f69d5", size = 759523, upload-time = "2024-08-06T20:32:53.019Z" },
    { url = "https://files.pythonhosted.org/packages/2b/b2/e3234f59ba06559c6ff63c4e10baea10e5e7df868092bf9ab40e5b9c56b6/PyYAML-6.0.2-cp313-cp313-musllinux_1_1_aarch64.whl", hash = "sha256:41e4e3953a79407c794916fa277a82531dd93aad34e29c2a514c2c0c5fe971cc", size = 726660, upload-time = "2024-08-06T20:32:54.708Z" },
    { url = "https://files.pythonhosted.org/packages/fe/0f/25911a9f080464c59fab9027482f822b86bf0608957a5fcc6eaac85aa515/PyYAML-6.0.2-cp313-cp313-musllinux_1_1_x86_64.whl", hash = "sha256:68ccc6023a3400877818152ad9a1033e3db8625d899c72eacb5a668902e4d652", size = 751597, upload-time = "2024-08-06T20:32:56.985Z" },
    { url = "https://files.pythonhosted.org/packages/14/0d/e2c3b43bbce3cf6bd97c840b46088a3031085179e596d4929729d8d68270/PyYAML-6.0.2-cp313-cp313-win32.whl", hash = "sha256:bc2fa7c6b47d6bc618dd7fb02ef6fdedb1090ec036abab80d4681424b84c1183", size = 140527, upload-time = "2024-08-06T20:33:03.001Z" },
    { url = "https://files.pythonhosted.org/packages/fa/de/02b54f42487e3d3c6efb3f89428677074ca7bf43aae402517bc7cca949f3/PyYAML-6.0.2-cp313-cp313-win_amd64.whl", hash = "sha256:8388ee1976c416731879ac16da0aff3f63b286ffdd57cdeb95f3f2e085687563", size = 156446, upload-time = "2024-08-06T20:33:04.33Z" },
]
